{
  "nodes": {
    "nixpkgs": {
      "locked": {
        "lastModified": 1790463110,
        "narHash": "sha256-hKlVl12B1dF0Q5vd9dY3lIJM5mFGWYSlXwSLAqHZ1+s=",
        "owner": "nixos",
        "repo": "nixpkgs",
        "rev": "e158d9ed9b51c98974c5e66e1ba1c9e0255fecaa",
        "type": "github"
      },
      "original": {
        "owner": "nixos",
        "ref": "nixos-unstable",
        "repo": "nixpkgs",
        "type": "github"
      }
    },
    "root": {
      "inputs": {
        "nixpkgs": "nixpkgs",
        "sing-box-src": "sing-box-src"
      }
    },
    "sing-box-src": {
      "flake": false,
      "locked": {
        "lastModified": 1790425450,
        "narHash": "sha256-2We28JxX2uVSdYPz7t7WnTNxFAH/k3REmCh1F7vIeFg=",
        "owner": "SagerNet",
        "repo": "sing-box",
        "rev": "132b38e9caaba1a1959354d518e54d2d08419afe",
        "type": "github"
      },
      "original": {
        "owner": "SagerNet",
        "ref": "v1.15.0-alpha.9",
        "repo": "sing-box",
        "type": "github"
      }
    }
  },
  "root": "root",
  "version": 7
}
