{
  "nodes": {
    "nixpkgs": {
      "locked": {
        "lastModified": 1771008912,
        "narHash": "sha256-gf2AmWVTs8lEq7z/3ZAsgnZDhWIckkb+ZnAo5RzSxJg=",
        "owner": "nixos",
        "repo": "nixpkgs",
        "rev": "a82ccc39b39b621151d6732718e3e250109076fa",
        "type": "github"
      },
      "original": {
        "owner": "nixos",
        "ref": "nixos-unstable",
        "repo": "nixpkgs",
        "type": "github"
      }
    },
    "root": {
      "inputs": {
        "nixpkgs": "nixpkgs",
        "sing-box-src": "sing-box-src"
      }
    },
    "sing-box-src": {
      "flake": false,
      "locked": {
        "lastModified": 1771161235,
        "narHash": "sha256-dEjB8SvAIRvIbjQ0ToJypA2YxpFO5QYGhSK8ikmU8Ao=",
        "owner": "SagerNet",
        "repo": "sing-box",
        "rev": "804606042f75e593433db76cc43d31056823bbfc",
        "type": "github"
      },
      "original": {
        "owner": "SagerNet",
        "ref": "v1.13.0-rc.4",
        "repo": "sing-box",
        "type": "github"
      }
    }
  },
  "root": "root",
  "version": 7
}
