{
  "nodes": {
    "nixpkgs": {
      "locked": {
        "lastModified": 1772433332,
        "narHash": "sha256-izhTDFKsg6KeVBxJS9EblGeQ8y+O8eCa6RcW874vxEc=",
        "owner": "nixos",
        "repo": "nixpkgs",
        "rev": "cf59864ef8aa2e178cccedbe2c178185b0365705",
        "type": "github"
      },
      "original": {
        "owner": "nixos",
        "ref": "nixos-unstable",
        "repo": "nixpkgs",
        "type": "github"
      }
    },
    "root": {
      "inputs": {
        "nixpkgs": "nixpkgs",
        "sing-box-src": "sing-box-src"
      }
    },
    "sing-box-src": {
      "flake": false,
      "locked": {
        "lastModified": 1772434398,
        "narHash": "sha256-cpRaFnb7hSMnLWQh84zXpMUBVc+k2KH7wDPE9C1tv40=",
        "owner": "SagerNet",
        "repo": "sing-box",
        "rev": "7ccee72c5d2ab852baafd48162734bdd134c1372",
        "type": "github"
      },
      "original": {
        "owner": "SagerNet",
        "ref": "v1.13.1-beta.1",
        "repo": "sing-box",
        "type": "github"
      }
    }
  },
  "root": "root",
  "version": 7
}
